// !$*UTF8*$!
{
	archiveVersion = 1;
	classes = {
	};
	objectVersion = 56;
	objects = {

/* Begin PBXBuildFile section */
		4D7D04D5296BFBB400F01C31 /* riyalatyApp.swift in Sources */ = {isa = PBXBuildFile; fileRef = 4D7D04D4296BFBB400F01C31 /* riyalatyApp.swift */; };
		4D7D04D7296BFBB400F01C31 /* ContentView.swift in Sources */ = {isa = PBXBuildFile; fileRef = 4D7D04D6296BFBB400F01C31 /* ContentView.swift */; };
		4D7D04DC296BFBB500F01C31 /* Preview Assets.xcassets in Resources */ = {isa = PBXBuildFile; fileRef = 4D7D04DB296BFBB500F01C31 /* Preview Assets.xcassets */; };
		4D7D04DE296BFBB500F01C31 /* Persistence.swift in Sources */ = {isa = PBXBuildFile; fileRef = 4D7D04DD296BFBB500F01C31 /* Persistence.swift */; };
		4D7D04E1296BFBB500F01C31 /* riyalaty.xcdatamodeld in Sources */ = {isa = PBXBuildFile; fileRef = 4D7D04DF296BFBB500F01C31 /* riyalaty.xcdatamodeld */; };
		4D7D04E8296C0D6700F01C31 /* DaysView.swift in Sources */ = {isa = PBXBuildFile; fileRef = 4D7D04E7296C0D6700F01C31 /* DaysView.swift */; };
		4D7D04EC296C0F0A00F01C31 /* Expense.swift in Sources */ = {isa = PBXBuildFile; fileRef = 4D7D04EB296C0F0A00F01C31 /* Expense.swift */; };
		4D7D04EF296C113600F01C31 /* ExpenseViewModel.swift in Sources */ = {isa = PBXBuildFile; fileRef = 4D7D04EE296C113600F01C31 /* ExpenseViewModel.swift */; };
		4D7D04F1296C939D00F01C31 /* MonthView.swift in Sources */ = {isa = PBXBuildFile; fileRef = 4D7D04F0296C939D00F01C31 /* MonthView.swift */; };
		4D7D04F4296D743400F01C31 /* testUIView.swift in Sources */ = {isa = PBXBuildFile; fileRef = 4D7D04F3296D743400F01C31 /* testUIView.swift */; };
		4D7D04F6296EA1B700F01C31 /* Chart.swift in Sources */ = {isa = PBXBuildFile; fileRef = 4D7D04F5296EA1B700F01C31 /* Chart.swift */; };
		4D7D04F8296EA2A000F01C31 /* ChartDataContainer.swift in Sources */ = {isa = PBXBuildFile; fileRef = 4D7D04F7296EA2A000F01C31 /* ChartDataContainer.swift */; };
		4D7D04FA296EA30300F01C31 /* PieChart.swift in Sources */ = {isa = PBXBuildFile; fileRef = 4D7D04F9296EA30300F01C31 /* PieChart.swift */; };
		4D7D04FC296EA4AF00F01C31 /* PieChartSimple.swift in Sources */ = {isa = PBXBuildFile; fileRef = 4D7D04FB296EA4AF00F01C31 /* PieChartSimple.swift */; };
		69A190DE296ECDAC008A5C87 /* FirstPge.swift in Sources */ = {isa = PBXBuildFile; fileRef = 69A190DD296ECDAC008A5C87 /* FirstPge.swift */; };
		69A190E1296ECE81008A5C87 /* CoreDataManeger.swift in Sources */ = {isa = PBXBuildFile; fileRef = 69A190E0296ECE81008A5C87 /* CoreDataManeger.swift */; };
		69A190E7296ED7FB008A5C87 /* AddExpense.swift in Sources */ = {isa = PBXBuildFile; fileRef = 69A190E6296ED7FB008A5C87 /* AddExpense.swift */; };
		69A190E9296EDC66008A5C87 /* Assets.xcassets in Resources */ = {isa = PBXBuildFile; fileRef = 69A190E8296EDC66008A5C87 /* Assets.xcassets */; };
/* End PBXBuildFile section */

/* Begin PBXFileReference section */
		4D7D04D1296BFBB400F01C31 /* riyalaty.app */ = {isa = PBXFileReference; explicitFileType = wrapper.application; includeInIndex = 0; path = riyalaty.app; sourceTree = BUILT_PRODUCTS_DIR; };
		4D7D04D4296BFBB400F01C31 /* riyalatyApp.swift */ = {isa = PBXFileReference; lastKnownFileType = sourcecode.swift; path = riyalatyApp.swift; sourceTree = "<group>"; };
		4D7D04D6296BFBB400F01C31 /* ContentView.swift */ = {isa = PBXFileReference; lastKnownFileType = sourcecode.swift; path = ContentView.swift; sourceTree = "<group>"; };
		4D7D04DB296BFBB500F01C31 /* Preview Assets.xcassets */ = {isa = PBXFileReference; lastKnownFileType = folder.assetcatalog; path = "Preview Assets.xcassets"; sourceTree = "<group>"; };
		4D7D04DD296BFBB500F01C31 /* Persistence.swift */ = {isa = PBXFileReference; lastKnownFileType = sourcecode.swift; path = Persistence.swift; sourceTree = "<group>"; };
		4D7D04E0296BFBB500F01C31 /* riyalaty.xcdatamodel */ = {isa = PBXFileReference; lastKnownFileType = wrapper.xcdatamodel; path = riyalaty.xcdatamodel; sourceTree = "<group>"; };
		4D7D04E7296C0D6700F01C31 /* DaysView.swift */ = {isa = PBXFileReference; lastKnownFileType = sourcecode.swift; path = DaysView.swift; sourceTree = "<group>"; };
		4D7D04EB296C0F0A00F01C31 /* Expense.swift */ = {isa = PBXFileReference; lastKnownFileType = sourcecode.swift; path = Expense.swift; sourceTree = "<group>"; };
		4D7D04EE296C113600F01C31 /* ExpenseViewModel.swift */ = {isa = PBXFileReference; lastKnownFileType = sourcecode.swift; path = ExpenseViewModel.swift; sourceTree = "<group>"; };
		4D7D04F0296C939D00F01C31 /* MonthView.swift */ = {isa = PBXFileReference; lastKnownFileType = sourcecode.swift; path = MonthView.swift; sourceTree = "<group>"; };
		4D7D04F2296D3F5000F01C31 /* MyPlayground.playground */ = {isa = PBXFileReference; lastKnownFileType = file.playground; path = MyPlayground.playground; sourceTree = "<group>"; xcLanguageSpecificationIdentifier = xcode.lang.swift; };
		4D7D04F3296D743400F01C31 /* testUIView.swift */ = {isa = PBXFileReference; lastKnownFileType = sourcecode.swift; path = testUIView.swift; sourceTree = "<group>"; };
		4D7D04F5296EA1B700F01C31 /* Chart.swift */ = {isa = PBXFileReference; lastKnownFileType = sourcecode.swift; path = Chart.swift; sourceTree = "<group>"; };
		4D7D04F7296EA2A000F01C31 /* ChartDataContainer.swift */ = {isa = PBXFileReference; lastKnownFileType = sourcecode.swift; path = ChartDataContainer.swift; sourceTree = "<group>"; };
		4D7D04F9296EA30300F01C31 /* PieChart.swift */ = {isa = PBXFileReference; lastKnownFileType = sourcecode.swift; path = PieChart.swift; sourceTree = "<group>"; };
		4D7D04FB296EA4AF00F01C31 /* PieChartSimple.swift */ = {isa = PBXFileReference; lastKnownFileType = sourcecode.swift; path = PieChartSimple.swift; sourceTree = "<group>"; };
		69A190DD296ECDAC008A5C87 /* FirstPge.swift */ = {isa = PBXFileReference; lastKnownFileType = sourcecode.swift; path = FirstPge.swift; sourceTree = "<group>"; };
		69A190E0296ECE81008A5C87 /* CoreDataManeger.swift */ = {isa = PBXFileReference; lastKnownFileType = sourcecode.swift; path = CoreDataManeger.swift; sourceTree = "<group>"; };
		69A190E6296ED7FB008A5C87 /* AddExpense.swift */ = {isa = PBXFileReference; fileEncoding = 4; lastKnownFileType = sourcecode.swift; name = AddExpense.swift; path = "../../../../نسخة من ToDoList/Views/AddExpense.swift"; sourceTree = "<group>"; };
		69A190E8296EDC66008A5C87 /* Assets.xcassets */ = {isa = PBXFileReference; lastKnownFileType = folder.assetcatalog; name = Assets.xcassets; path = "../../../نسخة من ToDoList/ToDoList/Assets.xcassets"; sourceTree = "<group>"; };
/* End PBXFileReference section */

/* Begin PBXFrameworksBuildPhase section */
		4D7D04CE296BFBB400F01C31 /* Frameworks */ = {
			isa = PBXFrameworksBuildPhase;
			buildActionMask = 2147483647;
			files = (
			);
			runOnlyForDeploymentPostprocessing = 0;
		};
/* End PBXFrameworksBuildPhase section */

/* Begin PBXGroup section */
		4D7D04C8296BFBB400F01C31 = {
			isa = PBXGroup;
			children = (
				4D7D04D3296BFBB400F01C31 /* riyalaty */,
				4D7D04D2296BFBB400F01C31 /* Products */,
			);
			sourceTree = "<group>";
		};
		4D7D04D2296BFBB400F01C31 /* Products */ = {
			isa = PBXGroup;
			children = (
				4D7D04D1296BFBB400F01C31 /* riyalaty.app */,
			);
			name = Products;
			sourceTree = "<group>";
		};
		4D7D04D3296BFBB400F01C31 /* riyalaty */ = {
			isa = PBXGroup;
			children = (
				4D7D04ED296C110200F01C31 /* ViewModel */,
				4D7D04EA296C0E8500F01C31 /* View */,
				4D7D04E9296C0E6500F01C31 /* Model */,
				4D7D04D4296BFBB400F01C31 /* riyalatyApp.swift */,
				4D7D04D6296BFBB400F01C31 /* ContentView.swift */,
				69A190E8296EDC66008A5C87 /* Assets.xcassets */,
				4D7D04DD296BFBB500F01C31 /* Persistence.swift */,
				4D7D04DF296BFBB500F01C31 /* riyalaty.xcdatamodeld */,
				4D7D04DA296BFBB500F01C31 /* Preview Content */,
			);
			path = riyalaty;
			sourceTree = "<group>";
		};
		4D7D04DA296BFBB500F01C31 /* Preview Content */ = {
			isa = PBXGroup;
			children = (
				4D7D04DB296BFBB500F01C31 /* Preview Assets.xcassets */,
			);
			path = "Preview Content";
			sourceTree = "<group>";
		};
		4D7D04E9296C0E6500F01C31 /* Model */ = {
			isa = PBXGroup;
			children = (
				4D7D04EB296C0F0A00F01C31 /* Expense.swift */,
				4D7D04F5296EA1B700F01C31 /* Chart.swift */,
			);
			path = Model;
			sourceTree = "<group>";
		};
		4D7D04EA296C0E8500F01C31 /* View */ = {
			isa = PBXGroup;
			children = (
				4D7D04E7296C0D6700F01C31 /* DaysView.swift */,
				69A190E6296ED7FB008A5C87 /* AddExpense.swift */,
				4D7D04F0296C939D00F01C31 /* MonthView.swift */,
				4D7D04F3296D743400F01C31 /* testUIView.swift */,
				4D7D04F9296EA30300F01C31 /* PieChart.swift */,
				4D7D04FB296EA4AF00F01C31 /* PieChartSimple.swift */,
				69A190DD296ECDAC008A5C87 /* FirstPge.swift */,
				69A190DF296ECDC7008A5C87 /* Manegers */,
			);
			path = View;
			sourceTree = "<group>";
		};
		4D7D04ED296C110200F01C31 /* ViewModel */ = {
			isa = PBXGroup;
			children = (
				4D7D04EE296C113600F01C31 /* ExpenseViewModel.swift */,
				4D7D04F2296D3F5000F01C31 /* MyPlayground.playground */,
				4D7D04F7296EA2A000F01C31 /* ChartDataContainer.swift */,
			);
			path = ViewModel;
			sourceTree = "<group>";
		};
		69A190DF296ECDC7008A5C87 /* Manegers */ = {
			isa = PBXGroup;
			children = (
				69A190E0296ECE81008A5C87 /* CoreDataManeger.swift */,
			);
			path = Manegers;
			sourceTree = "<group>";
		};
/* End PBXGroup section */

/* Begin PBXNativeTarget section */
		4D7D04D0296BFBB400F01C31 /* riyalaty */ = {
			isa = PBXNativeTarget;
			buildConfigurationList = 4D7D04E4296BFBB500F01C31 /* Build configuration list for PBXNativeTarget "riyalaty" */;
			buildPhases = (
				4D7D04CD296BFBB400F01C31 /* Sources */,
				4D7D04CE296BFBB400F01C31 /* Frameworks */,
				4D7D04CF296BFBB400F01C31 /* Resources */,
			);
			buildRules = (
			);
			dependencies = (
			);
			name = riyalaty;
			productName = riyalaty;
			productReference = 4D7D04D1296BFBB400F01C31 /* riyalaty.app */;
			productType = "com.apple.product-type.application";
		};
/* End PBXNativeTarget section */

/* Begin PBXProject section */
		4D7D04C9296BFBB400F01C31 /* Project object */ = {
			isa = PBXProject;
			attributes = {
				BuildIndependentTargetsInParallel = 1;
				LastSwiftUpdateCheck = 1420;
				LastUpgradeCheck = 1420;
				TargetAttributes = {
					4D7D04D0296BFBB400F01C31 = {
						CreatedOnToolsVersion = 14.2;
					};
				};
			};
			buildConfigurationList = 4D7D04CC296BFBB400F01C31 /* Build configuration list for PBXProject "riyalaty" */;
			compatibilityVersion = "Xcode 14.0";
			developmentRegion = en;
			hasScannedForEncodings = 0;
			knownRegions = (
				en,
				Base,
			);
			mainGroup = 4D7D04C8296BFBB400F01C31;
			productRefGroup = 4D7D04D2296BFBB400F01C31 /* Products */;
			projectDirPath = "";
			projectRoot = "";
			targets = (
				4D7D04D0296BFBB400F01C31 /* riyalaty */,
			);
		};
/* End PBXProject section */

/* Begin PBXResourcesBuildPhase section */
		4D7D04CF296BFBB400F01C31 /* Resources */ = {
			isa = PBXResourcesBuildPhase;
			buildActionMask = 2147483647;
			files = (
				4D7D04DC296BFBB500F01C31 /* Preview Assets.xcassets in Resources */,
				69A190E9296EDC66008A5C87 /* Assets.xcassets in Resources */,
			);
			runOnlyForDeploymentPostprocessing = 0;
		};
/* End PBXResourcesBuildPhase section */

/* Begin PBXSourcesBuildPhase section */
		4D7D04CD296BFBB400F01C31 /* Sources */ = {
			isa = PBXSourcesBuildPhase;
			buildActionMask = 2147483647;
			files = (
				4D7D04F8296EA2A000F01C31 /* ChartDataContainer.swift in Sources */,
				69A190DE296ECDAC008A5C87 /* FirstPge.swift in Sources */,
				4D7D04F6296EA1B700F01C31 /* Chart.swift in Sources */,
				4D7D04EC296C0F0A00F01C31 /* Expense.swift in Sources */,
				4D7D04E8296C0D6700F01C31 /* DaysView.swift in Sources */,
				4D7D04E1296BFBB500F01C31 /* riyalaty.xcdatamodeld in Sources */,
				4D7D04F1296C939D00F01C31 /* MonthView.swift in Sources */,
				4D7D04FC296EA4AF00F01C31 /* PieChartSimple.swift in Sources */,
				4D7D04EF296C113600F01C31 /* ExpenseViewModel.swift in Sources */,
				69A190E1296ECE81008A5C87 /* CoreDataManeger.swift in Sources */,
				4D7D04DE296BFBB500F01C31 /* Persistence.swift in Sources */,
				4D7D04D7296BFBB400F01C31 /* ContentView.swift in Sources */,
				69A190E7296ED7FB008A5C87 /* AddExpense.swift in Sources */,
				4D7D04FA296EA30300F01C31 /* PieChart.swift in Sources */,
				4D7D04F4296D743400F01C31 /* testUIView.swift in Sources */,
				4D7D04D5296BFBB400F01C31 /* riyalatyApp.swift in Sources */,
			);
			runOnlyForDeploymentPostprocessing = 0;
		};
/* End PBXSourcesBuildPhase section */

/* Begin XCBuildConfiguration section */
		4D7D04E2296BFBB500F01C31 /* Debug */ = {
			isa = XCBuildConfiguration;
			buildSettings = {
				ALWAYS_SEARCH_USER_PATHS = NO;
				CLANG_ANALYZER_NONNULL = YES;
				CLANG_ANALYZER_NUMBER_OBJECT_CONVERSION = YES_AGGRESSIVE;
				CLANG_CXX_LANGUAGE_STANDARD = "gnu++20";
				CLANG_ENABLE_MODULES = YES;
				CLANG_ENABLE_OBJC_ARC = YES;
				CLANG_ENABLE_OBJC_WEAK = YES;
				CLANG_WARN_BLOCK_CAPTURE_AUTORELEASING = YES;
				CLANG_WARN_BOOL_CONVERSION = YES;
				CLANG_WARN_COMMA = YES;
				CLANG_WARN_CONSTANT_CONVERSION = YES;
				CLANG_WARN_DEPRECATED_OBJC_IMPLEMENTATIONS = YES;
				CLANG_WARN_DIRECT_OBJC_ISA_USAGE = YES_ERROR;
				CLANG_WARN_DOCUMENTATION_COMMENTS = YES;
				CLANG_WARN_EMPTY_BODY = YES;
				CLANG_WARN_ENUM_CONVERSION = YES;
				CLANG_WARN_INFINITE_RECURSION = YES;
				CLANG_WARN_INT_CONVERSION = YES;
				CLANG_WARN_NON_LITERAL_NULL_CONVERSION = YES;
				CLANG_WARN_OBJC_IMPLICIT_RETAIN_SELF = YES;
				CLANG_WARN_OBJC_LITERAL_CONVERSION = YES;
				CLANG_WARN_OBJC_ROOT_CLASS = YES_ERROR;
				CLANG_WARN_QUOTED_INCLUDE_IN_FRAMEWORK_HEADER = YES;
				CLANG_WARN_RANGE_LOOP_ANALYSIS = YES;
				CLANG_WARN_STRICT_PROTOTYPES = YES;
				CLANG_WARN_SUSPICIOUS_MOVE = YES;
				CLANG_WARN_UNGUARDED_AVAILABILITY = YES_AGGRESSIVE;
				CLANG_WARN_UNREACHABLE_CODE = YES;
				CLANG_WARN__DUPLICATE_METHOD_MATCH = YES;
				COPY_PHASE_STRIP = NO;
				DEBUG_INFORMATION_FORMAT = dwarf;
				ENABLE_STRICT_OBJC_MSGSEND = YES;
				ENABLE_TESTABILITY = YES;
				GCC_C_LANGUAGE_STANDARD = gnu11;
				GCC_DYNAMIC_NO_PIC = NO;
				GCC_NO_COMMON_BLOCKS = YES;
				GCC_OPTIMIZATION_LEVEL = 0;
				GCC_PREPROCESSOR_DEFINITIONS = (
					"DEBUG=1",
					"$(inherited)",
				);
				GCC_WARN_64_TO_32_BIT_CONVERSION = YES;
				GCC_WARN_ABOUT_RETURN_TYPE = YES_ERROR;
				GCC_WARN_UNDECLARED_SELECTOR = YES;
				GCC_WARN_UNINITIALIZED_AUTOS = YES_AGGRESSIVE;
				GCC_WARN_UNUSED_FUNCTION = YES;
				GCC_WARN_UNUSED_VARIABLE = YES;
				IPHONEOS_DEPLOYMENT_TARGET = 16.2;
				MTL_ENABLE_DEBUG_INFO = INCLUDE_SOURCE;
				MTL_FAST_MATH = YES;
				ONLY_ACTIVE_ARCH = YES;
				SDKROOT = iphoneos;
				SWIFT_ACTIVE_COMPILATION_CONDITIONS = DEBUG;
				SWIFT_OPTIMIZATION_LEVEL = "-Onone";
			};
			name = Debug;
		};
		4D7D04E3296BFBB500F01C31 /* Release */ = {
			isa = XCBuildConfiguration;
			buildSettings = {
				ALWAYS_SEARCH_USER_PATHS = NO;
				CLANG_ANALYZER_NONNULL = YES;
				CLANG_ANALYZER_NUMBER_OBJECT_CONVERSION = YES_AGGRESSIVE;
				CLANG_CXX_LANGUAGE_STANDARD = "gnu++20";
				CLANG_ENABLE_MODULES = YES;
				CLANG_ENABLE_OBJC_ARC = YES;
				CLANG_ENABLE_OBJC_WEAK = YES;
				CLANG_WARN_BLOCK_CAPTURE_AUTORELEASING = YES;
				CLANG_WARN_BOOL_CONVERSION = YES;
				CLANG_WARN_COMMA = YES;
				CLANG_WARN_CONSTANT_CONVERSION = YES;
				CLANG_WARN_DEPRECATED_OBJC_IMPLEMENTATIONS = YES;
				CLANG_WARN_DIRECT_OBJC_ISA_USAGE = YES_ERROR;
				CLANG_WARN_DOCUMENTATION_COMMENTS = YES;
				CLANG_WARN_EMPTY_BODY = YES;
				CLANG_WARN_ENUM_CONVERSION = YES;
				CLANG_WARN_INFINITE_RECURSION = YES;
				CLANG_WARN_INT_CONVERSION = YES;
				CLANG_WARN_NON_LITERAL_NULL_CONVERSION = YES;
				CLANG_WARN_OBJC_IMPLICIT_RETAIN_SELF = YES;
				CLANG_WARN_OBJC_LITERAL_CONVERSION = YES;
				CLANG_WARN_OBJC_ROOT_CLASS = YES_ERROR;
				CLANG_WARN_QUOTED_INCLUDE_IN_FRAMEWORK_HEADER = YES;
				CLANG_WARN_RANGE_LOOP_ANALYSIS = YES;
				CLANG_WARN_STRICT_PROTOTYPES = YES;
				CLANG_WARN_SUSPICIOUS_MOVE = YES;
				CLANG_WARN_UNGUARDED_AVAILABILITY = YES_AGGRESSIVE;
				CLANG_WARN_UNREACHABLE_CODE = YES;
				CLANG_WARN__DUPLICATE_METHOD_MATCH = YES;
				COPY_PHASE_STRIP = NO;
				DEBUG_INFORMATION_FORMAT = "dwarf-with-dsym";
				ENABLE_NS_ASSERTIONS = NO;
				ENABLE_STRICT_OBJC_MSGSEND = YES;
				GCC_C_LANGUAGE_STANDARD = gnu11;
				GCC_NO_COMMON_BLOCKS = YES;
				GCC_WARN_64_TO_32_BIT_CONVERSION = YES;
				GCC_WARN_ABOUT_RETURN_TYPE = YES_ERROR;
				GCC_WARN_UNDECLARED_SELECTOR = YES;
				GCC_WARN_UNINITIALIZED_AUTOS = YES_AGGRESSIVE;
				GCC_WARN_UNUSED_FUNCTION = YES;
				GCC_WARN_UNUSED_VARIABLE = YES;
				IPHONEOS_DEPLOYMENT_TARGET = 16.2;
				MTL_ENABLE_DEBUG_INFO = NO;
				MTL_FAST_MATH = YES;
				SDKROOT = iphoneos;
				SWIFT_COMPILATION_MODE = wholemodule;
				SWIFT_OPTIMIZATION_LEVEL = "-O";
				VALIDATE_PRODUCT = YES;
			};
			name = Release;
		};
		4D7D04E5296BFBB500F01C31 /* Debug */ = {
			isa = XCBuildConfiguration;
			buildSettings = {
				ASSETCATALOG_COMPILER_APPICON_NAME = AppIcon;
				ASSETCATALOG_COMPILER_GLOBAL_ACCENT_COLOR_NAME = AccentColor;
				CODE_SIGN_STYLE = Automatic;
				CURRENT_PROJECT_VERSION = 1;
				DEVELOPMENT_ASSET_PATHS = "\"riyalaty/Preview Content\"";
				DEVELOPMENT_TEAM = F3J9926XAP;
				ENABLE_PREVIEWS = YES;
				GENERATE_INFOPLIST_FILE = YES;
				INFOPLIST_KEY_UIApplicationSceneManifest_Generation = YES;
				INFOPLIST_KEY_UIApplicationSupportsIndirectInputEvents = YES;
				INFOPLIST_KEY_UILaunchScreen_Generation = YES;
				INFOPLIST_KEY_UISupportedInterfaceOrientations_iPad = "UIInterfaceOrientationPortrait UIInterfaceOrientationPortraitUpsideDown UIInterfaceOrientationLandscapeLeft UIInterfaceOrientationLandscapeRight";
				INFOPLIST_KEY_UISupportedInterfaceOrientations_iPhone = "UIInterfaceOrientationPortrait UIInterfaceOrientationLandscapeLeft UIInterfaceOrientationLandscapeRight";
				LD_RUNPATH_SEARCH_PATHS = (
					"$(inherited)",
					"@executable_path/Frameworks",
				);
				MARKETING_VERSION = 1.0;
				PRODUCT_BUNDLE_IDENTIFIER = com.sarakuddah.riyalaty;
				PRODUCT_NAME = "$(TARGET_NAME)";
				SWIFT_EMIT_LOC_STRINGS = YES;
				SWIFT_VERSION = 5.0;
				TARGETED_DEVICE_FAMILY = "1,2";
			};
			name = Debug;
		};
		4D7D04E6296BFBB500F01C31 /* Release */ = {
			isa = XCBuildConfiguration;
			buildSettings = {
				ASSETCATALOG_COMPILER_APPICON_NAME = AppIcon;
				ASSETCATALOG_COMPILER_GLOBAL_ACCENT_COLOR_NAME = AccentColor;
				CODE_SIGN_STYLE = Automatic;
				CURRENT_PROJECT_VERSION = 1;
				DEVELOPMENT_ASSET_PATHS = "\"riyalaty/Preview Content\"";
				DEVELOPMENT_TEAM = F3J9926XAP;
				ENABLE_PREVIEWS = YES;
				GENERATE_INFOPLIST_FILE = YES;
				INFOPLIST_KEY_UIApplicationSceneManifest_Generation = YES;
				INFOPLIST_KEY_UIApplicationSupportsIndirectInputEvents = YES;
				INFOPLIST_KEY_UILaunchScreen_Generation = YES;
				INFOPLIST_KEY_UISupportedInterfaceOrientations_iPad = "UIInterfaceOrientationPortrait UIInterfaceOrientationPortraitUpsideDown UIInterfaceOrientationLandscapeLeft UIInterfaceOrientationLandscapeRight";
				INFOPLIST_KEY_UISupportedInterfaceOrientations_iPhone = "UIInterfaceOrientationPortrait UIInterfaceOrientationLandscapeLeft UIInterfaceOrientationLandscapeRight";
				LD_RUNPATH_SEARCH_PATHS = (
					"$(inherited)",
					"@executable_path/Frameworks",
				);
				MARKETING_VERSION = 1.0;
				PRODUCT_BUNDLE_IDENTIFIER = com.sarakuddah.riyalaty;
				PRODUCT_NAME = "$(TARGET_NAME)";
				SWIFT_EMIT_LOC_STRINGS = YES;
				SWIFT_VERSION = 5.0;
				TARGETED_DEVICE_FAMILY = "1,2";
			};
			name = Release;
		};
/* End XCBuildConfiguration section */

/* Begin XCConfigurationList section */
		4D7D04CC296BFBB400F01C31 /* Build configuration list for PBXProject "riyalaty" */ = {
			isa = XCConfigurationList;
			buildConfigurations = (
				4D7D04E2296BFBB500F01C31 /* Debug */,
				4D7D04E3296BFBB500F01C31 /* Release */,
			);
			defaultConfigurationIsVisible = 0;
			defaultConfigurationName = Release;
		};
		4D7D04E4296BFBB500F01C31 /* Build configuration list for PBXNativeTarget "riyalaty" */ = {
			isa = XCConfigurationList;
			buildConfigurations = (
				4D7D04E5296BFBB500F01C31 /* Debug */,
				4D7D04E6296BFBB500F01C31 /* Release */,
			);
			defaultConfigurationIsVisible = 0;
			defaultConfigurationName = Release;
		};
/* End XCConfigurationList section */

/* Begin XCVersionGroup section */
		4D7D04DF296BFBB500F01C31 /* riyalaty.xcdatamodeld */ = {
			isa = XCVersionGroup;
			children = (
				4D7D04E0296BFBB500F01C31 /* riyalaty.xcdatamodel */,
			);
			currentVersion = 4D7D04E0296BFBB500F01C31 /* riyalaty.xcdatamodel */;
			path = riyalaty.xcdatamodeld;
			sourceTree = "<group>";
			versionGroupType = wrapper.xcdatamodel;
		};
/* End XCVersionGroup section */
	};
	rootObject = 4D7D04C9296BFBB400F01C31 /* Project object */;
}
